// !$*UTF8*$!
{
	archiveVersion = 1;
	classes = {
	};
	objectVersion = 56;
	objects = {

/* Begin PBXBuildFile section */
		CC000000000000000000000001 /* FussballAppApp.swift in Sources */ = {isa = PBXBuildFile; fileRef = BB000000000000000000000001 /* FussballAppApp.swift */; };
		CC000000000000000000000002 /* Formation.swift in Sources */ = {isa = PBXBuildFile; fileRef = BB000000000000000000000002 /* Formation.swift */; };
		CC000000000000000000000003 /* LineupStore.swift in Sources */ = {isa = PBXBuildFile; fileRef = BB000000000000000000000003 /* LineupStore.swift */; };
		CC000000000000000000000004 /* ContentView.swift in Sources */ = {isa = PBXBuildFile; fileRef = BB000000000000000000000004 /* ContentView.swift */; };
		CC000000000000000000000005 /* PitchView.swift in Sources */ = {isa = PBXBuildFile; fileRef = BB000000000000000000000005 /* PitchView.swift */; };
		CC000000000000000000000006 /* PitchLines.swift in Sources */ = {isa = PBXBuildFile; fileRef = BB000000000000000000000006 /* PitchLines.swift */; };
		CC000000000000000000000007 /* PlayerChip.swift in Sources */ = {isa = PBXBuildFile; fileRef = BB000000000000000000000007 /* PlayerChip.swift */; };
		CC000000000000000000000008 /* PlayerPickerSheet.swift in Sources */ = {isa = PBXBuildFile; fileRef = BB000000000000000000000008 /* PlayerPickerSheet.swift */; };
		CC000000000000000000000009 /* BenchView.swift in Sources */ = {isa = PBXBuildFile; fileRef = BB000000000000000000000009 /* BenchView.swift */; };
		CC000000000000000000000010 /* Assets.xcassets in Resources */ = {isa = PBXBuildFile; fileRef = BB000000000000000000000010 /* Assets.xcassets */; };
/* End PBXBuildFile section */

/* Begin PBXFileReference section */
		BB000000000000000000000001 /* FussballAppApp.swift */ = {isa = PBXFileReference; lastKnownFileType = sourcecode.swift; path = FussballAppApp.swift; sourceTree = "<group>"; };
		BB000000000000000000000002 /* Formation.swift */ = {isa = PBXFileReference; lastKnownFileType = sourcecode.swift; path = Formation.swift; sourceTree = "<group>"; };
		BB000000000000000000000003 /* LineupStore.swift */ = {isa = PBXFileReference; lastKnownFileType = sourcecode.swift; path = LineupStore.swift; sourceTree = "<group>"; };
		BB000000000000000000000004 /* ContentView.swift */ = {isa = PBXFileReference; lastKnownFileType = sourcecode.swift; path = ContentView.swift; sourceTree = "<group>"; };
		BB000000000000000000000005 /* PitchView.swift */ = {isa = PBXFileReference; lastKnownFileType = sourcecode.swift; path = PitchView.swift; sourceTree = "<group>"; };
		BB000000000000000000000006 /* PitchLines.swift */ = {isa = PBXFileReference; lastKnownFileType = sourcecode.swift; path = PitchLines.swift; sourceTree = "<group>"; };
		BB000000000000000000000007 /* PlayerChip.swift */ = {isa = PBXFileReference; lastKnownFileType = sourcecode.swift; path = PlayerChip.swift; sourceTree = "<group>"; };
		BB000000000000000000000008 /* PlayerPickerSheet.swift */ = {isa = PBXFileReference; lastKnownFileType = sourcecode.swift; path = PlayerPickerSheet.swift; sourceTree = "<group>"; };
		BB000000000000000000000009 /* BenchView.swift */ = {isa = PBXFileReference; lastKnownFileType = sourcecode.swift; path = BenchView.swift; sourceTree = "<group>"; };
		BB000000000000000000000010 /* Assets.xcassets */ = {isa = PBXFileReference; lastKnownFileType = folder.assetcatalog; path = Assets.xcassets; sourceTree = "<group>"; };
		BB000000000000000000000011 /* FussballApp.app */ = {isa = PBXFileReference; explicitFileType = wrapper.application; includeInIndex = 0; path = FussballApp.app; sourceTree = BUILT_PRODUCTS_DIR; };
/* End PBXFileReference section */

/* Begin PBXGroup section */
		AA000000000000000000000001 /* root */ = {
			isa = PBXGroup;
			children = (
				DD000000000000000000000001 /* FussballApp */,
				DD000000000000000000000002 /* Products */,
			);
			sourceTree = "<group>";
		};
		DD000000000000000000000001 /* FussballApp */ = {
			isa = PBXGroup;
			children = (
				DD000000000000000000000003 /* App */,
				DD000000000000000000000004 /* Models */,
				DD000000000000000000000005 /* Views */,
				BB000000000000000000000010 /* Assets.xcassets */,
			);
			path = FussballApp;
			sourceTree = "<group>";
		};
		DD000000000000000000000002 /* Products */ = {
			isa = PBXGroup;
			children = (
				BB000000000000000000000011 /* FussballApp.app */,
			);
			name = Products;
			sourceTree = "<group>";
		};
		DD000000000000000000000003 /* App */ = {
			isa = PBXGroup;
			children = (
				BB000000000000000000000001 /* FussballAppApp.swift */,
			);
			path = App;
			sourceTree = "<group>";
		};
		DD000000000000000000000004 /* Models */ = {
			isa = PBXGroup;
			children = (
				BB000000000000000000000002 /* Formation.swift */,
				BB000000000000000000000003 /* LineupStore.swift */,
			);
			path = Models;
			sourceTree = "<group>";
		};
		DD000000000000000000000005 /* Views */ = {
			isa = PBXGroup;
			children = (
				BB000000000000000000000004 /* ContentView.swift */,
				BB000000000000000000000005 /* PitchView.swift */,
				BB000000000000000000000006 /* PitchLines.swift */,
				BB000000000000000000000007 /* PlayerChip.swift */,
				BB000000000000000000000008 /* PlayerPickerSheet.swift */,
				BB000000000000000000000009 /* BenchView.swift */,
			);
			path = Views;
			sourceTree = "<group>";
		};
/* End PBXGroup section */

/* Begin PBXNativeTarget section */
		TG000000000000000000000001 /* FussballApp */ = {
			isa = PBXNativeTarget;
			buildConfigurationList = CL000000000000000000000002 /* Build configuration list for PBXNativeTarget "FussballApp" */;
			buildPhases = (
				EE000000000000000000000001 /* Sources */,
				EE000000000000000000000002 /* Frameworks */,
				EE000000000000000000000003 /* Resources */,
			);
			buildRules = (
			);
			dependencies = (
			);
			name = FussballApp;
			productName = FussballApp;
			productReference = BB000000000000000000000011 /* FussballApp.app */;
			productType = "com.apple.product-type.application";
		};
/* End PBXNativeTarget section */

/* Begin PBXProject section */
		AA000000000000000000000000 /* Project object */ = {
			isa = PBXProject;
			attributes = {
				BuildIndependentTargetsInParallel = 1;
				LastSwiftUpdateCheck = 1500;
				LastUpgradeCheck = 1500;
				TargetAttributes = {
					TG000000000000000000000001 = {
						CreatedOnToolsVersion = 15.0;
					};
				};
			};
			buildConfigurationList = CL000000000000000000000001 /* Build configuration list for PBXProject "FussballApp" */;
			compatibilityVersion = "Xcode 14.0";
			developmentRegion = en;
			hasScannedForEncodings = 0;
			knownRegions = (
				en,
				Base,
			);
			mainGroup = AA000000000000000000000001;
			productRefGroup = DD000000000000000000000002 /* Products */;
			projectDirPath = "";
			projectRoot = "";
			targets = (
				TG000000000000000000000001 /* FussballApp */,
			);
		};
/* End PBXProject section */

/* Begin PBXSourcesBuildPhase section */
		EE000000000000000000000001 /* Sources */ = {
			isa = PBXSourcesBuildPhase;
			buildActionMask = 2147483647;
			files = (
				CC000000000000000000000001 /* FussballAppApp.swift in Sources */,
				CC000000000000000000000002 /* Formation.swift in Sources */,
				CC000000000000000000000003 /* LineupStore.swift in Sources */,
				CC000000000000000000000004 /* ContentView.swift in Sources */,
				CC000000000000000000000005 /* PitchView.swift in Sources */,
				CC000000000000000000000006 /* PitchLines.swift in Sources */,
				CC000000000000000000000007 /* PlayerChip.swift in Sources */,
				CC000000000000000000000008 /* PlayerPickerSheet.swift in Sources */,
				CC000000000000000000000009 /* BenchView.swift in Sources */,
			);
			runOnlyForDeploymentPostprocessing = 0;
		};
/* End PBXSourcesBuildPhase section */

/* Begin PBXFrameworksBuildPhase section */
		EE000000000000000000000002 /* Frameworks */ = {
			isa = PBXFrameworksBuildPhase;
			buildActionMask = 2147483647;
			files = (
			);
			runOnlyForDeploymentPostprocessing = 0;
		};
/* End PBXFrameworksBuildPhase section */

/* Begin PBXResourcesBuildPhase section */
		EE000000000000000000000003 /* Resources */ = {
			isa = PBXResourcesBuildPhase;
			buildActionMask = 2147483647;
			files = (
				CC000000000000000000000010 /* Assets.xcassets in Resources */,
			);
			runOnlyForDeploymentPostprocessing = 0;
		};
/* End PBXResourcesBuildPhase section */

/* Begin XCBuildConfiguration section */
		CF000000000000000000000001 /* Debug */ = {
			isa = XCBuildConfiguration;
			buildSettings = {
				ALWAYS_SEARCH_USER_PATHS = NO;
				CLANG_ANALYZER_NONNULL = YES;
				CLANG_CXX_LANGUAGE_STANDARD = "gnu++20";
				CLANG_ENABLE_MODULES = YES;
				CLANG_ENABLE_OBJC_ARC = YES;
				CLANG_WARN_BLOCK_CAPTURE_AUTORELEASING = YES;
				CLANG_WARN_BOOL_CONVERSION = YES;
				CLANG_WARN_COMMA = YES;
				CLANG_WARN_CONSTANT_CONVERSION = YES;
				CLANG_WARN_DEPRECATED_OBJC_IMPLEMENTATIONS = YES;
				CLANG_WARN_DIRECT_OBJC_ISA_USAGE = YES_ERROR;
				CLANG_WARN_EMPTY_BODY = YES;
				CLANG_WARN_ENUM_CONVERSION = YES;
				CLANG_WARN_INFINITE_RECURSION = YES;
				CLANG_WARN_INT_CONVERSION = YES;
				CLANG_WARN_NON_LITERAL_NULL_CONVERSION = YES;
				CLANG_WARN_OBJC_IMPLICIT_RETAIN_SELF = YES;
				CLANG_WARN_OBJC_LITERAL_CONVERSION = YES;
				CLANG_WARN_OBJC_ROOT_CLASS = YES_ERROR;
				CLANG_WARN_RANGE_LOOP_ANALYSIS = YES;
				CLANG_WARN_STRICT_PROTOTYPES = YES;
				CLANG_WARN_SUSPICIOUS_MOVE = YES;
				CLANG_WARN_UNREACHABLE_CODE = YES;
				CLANG_WARN__DUPLICATE_METHOD_MATCH = YES;
				COPY_PHASE_STRIP = NO;
				DEBUG_INFORMATION_FORMAT = dwarf;
				ENABLE_STRICT_OBJC_MSGSEND = YES;
				ENABLE_TESTABILITY = YES;
				GCC_C_LANGUAGE_STANDARD = gnu17;
				GCC_DYNAMIC_NO_PIC = NO;
				GCC_NO_COMMON_BLOCKS = YES;
				GCC_OPTIMIZATION_LEVEL = 0;
				GCC_PREPROCESSOR_DEFINITIONS = (
					"DEBUG=1",
					"$(inherited)",
				);
				GCC_WARN_64_TO_32_BIT_CONVERSION = YES;
				GCC_WARN_ABOUT_RETURN_TYPE = YES_ERROR;
				GCC_WARN_UNDECLARED_SELECTOR = YES;
				GCC_WARN_UNINITIALIZED_AUTOS = YES_AGGRESSIVE;
				GCC_WARN_UNUSED_FUNCTION = YES;
				GCC_WARN_UNUSED_VARIABLE = YES;
				IPHONEOS_DEPLOYMENT_TARGET = 16.0;
				MTL_ENABLE_DEBUG_INFO = INCLUDE_SOURCE;
				MTL_FAST_MATH = YES;
				ONLY_ACTIVE_ARCH = YES;
				SDKROOT = iphoneos;
				SWIFT_ACTIVE_COMPILATION_CONDITIONS = DEBUG;
				SWIFT_OPTIMIZATION_LEVEL = "-Onone";
			};
			name = Debug;
		};
		CF000000000000000000000002 /* Release */ = {
			isa = XCBuildConfiguration;
			buildSettings = {
				ALWAYS_SEARCH_USER_PATHS = NO;
				CLANG_ANALYZER_NONNULL = YES;
				CLANG_CXX_LANGUAGE_STANDARD = "gnu++20";
				CLANG_ENABLE_MODULES = YES;
				CLANG_ENABLE_OBJC_ARC = YES;
				CLANG_WARN_BLOCK_CAPTURE_AUTORELEASING = YES;
				CLANG_WARN_BOOL_CONVERSION = YES;
				CLANG_WARN_COMMA = YES;
				CLANG_WARN_CONSTANT_CONVERSION = YES;
				CLANG_WARN_DEPRECATED_OBJC_IMPLEMENTATIONS = YES;
				CLANG_WARN_DIRECT_OBJC_ISA_USAGE = YES_ERROR;
				CLANG_WARN_EMPTY_BODY = YES;
				CLANG_WARN_ENUM_CONVERSION = YES;
				CLANG_WARN_INFINITE_RECURSION = YES;
				CLANG_WARN_INT_CONVERSION = YES;
				CLANG_WARN_NON_LITERAL_NULL_CONVERSION = YES;
				CLANG_WARN_OBJC_IMPLICIT_RETAIN_SELF = YES;
				CLANG_WARN_OBJC_LITERAL_CONVERSION = YES;
				CLANG_WARN_OBJC_ROOT_CLASS = YES_ERROR;
				CLANG_WARN_RANGE_LOOP_ANALYSIS = YES;
				CLANG_WARN_STRICT_PROTOTYPES = YES;
				CLANG_WARN_SUSPICIOUS_MOVE = YES;
				CLANG_WARN_UNREACHABLE_CODE = YES;
				CLANG_WARN__DUPLICATE_METHOD_MATCH = YES;
				COPY_PHASE_STRIP = NO;
				DEBUG_INFORMATION_FORMAT = "dwarf-with-dsym";
				ENABLE_NS_ASSERTIONS = NO;
				ENABLE_STRICT_OBJC_MSGSEND = YES;
				GCC_C_LANGUAGE_STANDARD = gnu17;
				GCC_NO_COMMON_BLOCKS = YES;
				GCC_WARN_64_TO_32_BIT_CONVERSION = YES;
				GCC_WARN_ABOUT_RETURN_TYPE = YES_ERROR;
				GCC_WARN_UNDECLARED_SELECTOR = YES;
				GCC_WARN_UNINITIALIZED_AUTOS = YES_AGGRESSIVE;
				GCC_WARN_UNUSED_FUNCTION = YES;
				GCC_WARN_UNUSED_VARIABLE = YES;
				IPHONEOS_DEPLOYMENT_TARGET = 16.0;
				MTL_FAST_MATH = YES;
				SDKROOT = iphoneos;
				SWIFT_COMPILATION_MODE = wholemodule;
				SWIFT_OPTIMIZATION_LEVEL = "-O";
				VALIDATE_PRODUCT = YES;
			};
			name = Release;
		};
		CF000000000000000000000003 /* Debug */ = {
			isa = XCBuildConfiguration;
			buildSettings = {
				ASSETCATALOG_COMPILER_APPICON_NAME = AppIcon;
				ASSETCATALOG_COMPILER_GLOBAL_ACCENT_COLOR_NAME = AccentColor;
				CODE_SIGN_STYLE = Automatic;
				CURRENT_PROJECT_VERSION = 1;
				ENABLE_PREVIEWS = YES;
				GENERATE_INFOPLIST_FILE = YES;
				INFOPLIST_KEY_CFBundleDisplayName = Fussball;
				INFOPLIST_KEY_UIApplicationSceneManifest_Generation = YES;
				INFOPLIST_KEY_UIApplicationSupportsIndirectInputEvents = YES;
				INFOPLIST_KEY_UILaunchScreen_Generation = YES;
				INFOPLIST_KEY_UISupportedInterfaceOrientations_iPhone = "UIInterfaceOrientationPortrait";
				LD_RUNPATH_SEARCH_PATHS = (
					"$(inherited)",
					"@executable_path/Frameworks",
				);
				MARKETING_VERSION = 1.0;
				PRODUCT_BUNDLE_IDENTIFIER = ch.fussball.lineup;
				PRODUCT_NAME = "$(TARGET_NAME)";
				SWIFT_EMIT_LOC_STRINGS = YES;
				SWIFT_VERSION = 5.0;
				TARGETED_DEVICE_FAMILY = 1;
			};
			name = Debug;
		};
		CF000000000000000000000004 /* Release */ = {
			isa = XCBuildConfiguration;
			buildSettings = {
				ASSETCATALOG_COMPILER_APPICON_NAME = AppIcon;
				ASSETCATALOG_COMPILER_GLOBAL_ACCENT_COLOR_NAME = AccentColor;
				CODE_SIGN_STYLE = Automatic;
				CURRENT_PROJECT_VERSION = 1;
				ENABLE_PREVIEWS = YES;
				GENERATE_INFOPLIST_FILE = YES;
				INFOPLIST_KEY_CFBundleDisplayName = Fussball;
				INFOPLIST_KEY_UIApplicationSceneManifest_Generation = YES;
				INFOPLIST_KEY_UIApplicationSupportsIndirectInputEvents = YES;
				INFOPLIST_KEY_UILaunchScreen_Generation = YES;
				INFOPLIST_KEY_UISupportedInterfaceOrientations_iPhone = "UIInterfaceOrientationPortrait";
				LD_RUNPATH_SEARCH_PATHS = (
					"$(inherited)",
					"@executable_path/Frameworks",
				);
				MARKETING_VERSION = 1.0;
				PRODUCT_BUNDLE_IDENTIFIER = ch.fussball.lineup;
				PRODUCT_NAME = "$(TARGET_NAME)";
				SWIFT_EMIT_LOC_STRINGS = YES;
				SWIFT_VERSION = 5.0;
				TARGETED_DEVICE_FAMILY = 1;
			};
			name = Release;
		};
/* End XCBuildConfiguration section */

/* Begin XCConfigurationList section */
		CL000000000000000000000001 /* Build configuration list for PBXProject "FussballApp" */ = {
			isa = XCConfigurationList;
			buildConfigurations = (
				CF000000000000000000000001 /* Debug */,
				CF000000000000000000000002 /* Release */,
			);
			defaultConfigurationIsVisible = 0;
			defaultConfigurationName = Release;
		};
		CL000000000000000000000002 /* Build configuration list for PBXNativeTarget "FussballApp" */ = {
			isa = XCConfigurationList;
			buildConfigurations = (
				CF000000000000000000000003 /* Debug */,
				CF000000000000000000000004 /* Release */,
			);
			defaultConfigurationIsVisible = 0;
			defaultConfigurationName = Release;
		};
/* End XCConfigurationList section */

	};
	rootObject = AA000000000000000000000000 /* Project object */;
}
